
Microsoft Visual Studio Solution File, Format Version 12.00
# Visual Studio Version 17
VisualStudioVersion = 17.7.34031.279
MinimumVisualStudioVersion = 10.0.40219.1
Project("{2150E333-8FDC-42A3-9474-1A3956D46DE8}") = "02.BLL", "02.BLL", "{50999985-386A-4A74-9637-CA0F8CAABF98}"
EndProject
Project("{2150E333-8FDC-42A3-9474-1A3956D46DE8}") = "01.DAL", "01.DAL", "{E6218045-E313-4943-B644-9EE0325A7C20}"
EndProject
Project("{2150E333-8FDC-42A3-9474-1A3956D46DE8}") = "03.API", "03.API", "{9868A824-A1B3-4770-BD78-0C39367A04E5}"
EndProject
Project("{FAE04EC0-301F-11D3-BF4B-00C04F79EFBC}") = "ESHOPAPI", "ESHOPAPI\ESHOPAPI.csproj", "{3484E063-FC74-4C97-8580-894F3F3D8545}"
EndProject
Project("{FAE04EC0-301F-11D3-BF4B-00C04F79EFBC}") = "ESHOPBLL", "ESHOPBLL\ESHOPBLL.csproj", "{FB65A23C-8C72-4EE8-AA8F-F9BBEE1A77DD}"
EndProject
Project("{FAE04EC0-301F-11D3-BF4B-00C04F79EFBC}") = "ESHOPDAL", "ESHOPDAL\ESHOPDAL.csproj", "{56D57B41-FE33-4883-839C-D9C22EC24DA4}"
EndProject
Project("{2150E333-8FDC-42A3-9474-1A3956D46DE8}") = "DomainModels", "DomainModels", "{9405BA73-EA4B-4802-8E22-C1EB79607A0F}"
EndProject
Project("{FAE04EC0-301F-11D3-BF4B-00C04F79EFBC}") = "ESHOPDomainModels", "ESHOPDomainModels\ESHOPDomainModels.csproj", "{EDFA9D0A-8FEC-41CF-919F-D366ED5E0791}"
EndProject
Global
	GlobalSection(SolutionConfigurationPlatforms) = preSolution
		Debug|Any CPU = Debug|Any CPU
		Release|Any CPU = Release|Any CPU
	EndGlobalSection
	GlobalSection(ProjectConfigurationPlatforms) = postSolution
		{3484E063-FC74-4C97-8580-894F3F3D8545}.Debug|Any CPU.ActiveCfg = Debug|Any CPU
		{3484E063-FC74-4C97-8580-894F3F3D8545}.Debug|Any CPU.Build.0 = Debug|Any CPU
		{3484E063-FC74-4C97-8580-894F3F3D8545}.Release|Any CPU.ActiveCfg = Release|Any CPU
		{3484E063-FC74-4C97-8580-894F3F3D8545}.Release|Any CPU.Build.0 = Release|Any CPU
		{FB65A23C-8C72-4EE8-AA8F-F9BBEE1A77DD}.Debug|Any CPU.ActiveCfg = Debug|Any CPU
		{FB65A23C-8C72-4EE8-AA8F-F9BBEE1A77DD}.Debug|Any CPU.Build.0 = Debug|Any CPU
		{FB65A23C-8C72-4EE8-AA8F-F9BBEE1A77DD}.Release|Any CPU.ActiveCfg = Release|Any CPU
		{FB65A23C-8C72-4EE8-AA8F-F9BBEE1A77DD}.Release|Any CPU.Build.0 = Release|Any CPU
		{56D57B41-FE33-4883-839C-D9C22EC24DA4}.Debug|Any CPU.ActiveCfg = Debug|Any CPU
		{56D57B41-FE33-4883-839C-D9C22EC24DA4}.Debug|Any CPU.Build.0 = Debug|Any CPU
		{56D57B41-FE33-4883-839C-D9C22EC24DA4}.Release|Any CPU.ActiveCfg = Release|Any CPU
		{56D57B41-FE33-4883-839C-D9C22EC24DA4}.Release|Any CPU.Build.0 = Release|Any CPU
		{EDFA9D0A-8FEC-41CF-919F-D366ED5E0791}.Debug|Any CPU.ActiveCfg = Debug|Any CPU
		{EDFA9D0A-8FEC-41CF-919F-D366ED5E0791}.Debug|Any CPU.Build.0 = Debug|Any CPU
		{EDFA9D0A-8FEC-41CF-919F-D366ED5E0791}.Release|Any CPU.ActiveCfg = Release|Any CPU
		{EDFA9D0A-8FEC-41CF-919F-D366ED5E0791}.Release|Any CPU.Build.0 = Release|Any CPU
	EndGlobalSection
	GlobalSection(SolutionProperties) = preSolution
		HideSolutionNode = FALSE
	EndGlobalSection
	GlobalSection(NestedProjects) = preSolution
		{3484E063-FC74-4C97-8580-894F3F3D8545} = {9868A824-A1B3-4770-BD78-0C39367A04E5}
		{FB65A23C-8C72-4EE8-AA8F-F9BBEE1A77DD} = {50999985-386A-4A74-9637-CA0F8CAABF98}
		{56D57B41-FE33-4883-839C-D9C22EC24DA4} = {E6218045-E313-4943-B644-9EE0325A7C20}
		{EDFA9D0A-8FEC-41CF-919F-D366ED5E0791} = {9405BA73-EA4B-4802-8E22-C1EB79607A0F}
	EndGlobalSection
	GlobalSection(ExtensibilityGlobals) = postSolution
		SolutionGuid = {31E5C734-7DA6-465F-A4C1-169A8287E16E}
	EndGlobalSection
EndGlobal
